
Microsoft Visual Studio Solution File, Format Version 12.00
# Visual Studio Version 16
VisualStudioVersion = 16.0.30523.141
MinimumVisualStudioVersion = 10.0.40219.1
Project("{2150E333-8FDC-42A3-9474-1A3956D46DE8}") = "Part_1_Introduction", "Part_1_Introduction", "{0A7C13FA-8FFA-4093-89F7-21759FECB074}"
EndProject
Project("{9A19103F-16F7-4668-BE54-9A1E7A4F7556}") = "IntroductionToCsharp", "IntroductionToCsharp\IntroductionToCsharp.csproj", "{BACF37D4-70D5-4CD6-859B-4405C72DC57E}"
EndProject
Project("{2150E333-8FDC-42A3-9474-1A3956D46DE8}") = "Part_2_Reading_and_writing_to_a_console", "Part_2_Reading_and_writing_to_a_console", "{770B7DDF-ED44-4841-8E80-EEEE63EF0C60}"
EndProject
Project("{FAE04EC0-301F-11D3-BF4B-00C04F79EFBC}") = "Part_2_Reading_and_writing_to_a_console_project", "Part_2_project\Part_2_Reading_and_writing_to_a_console_project.csproj", "{B7064189-8BF1-4CB7-855A-863A041D7651}"
EndProject
Project("{2150E333-8FDC-42A3-9474-1A3956D46DE8}") = "Solution Items", "Solution Items", "{FD851CBB-C4DA-4DB3-BD06-DF7C159C57AC}"
	ProjectSection(SolutionItems) = preProject
		GENERAL.txt = GENERAL.txt
	EndProjectSection
EndProject
Project("{2150E333-8FDC-42A3-9474-1A3956D46DE8}") = "Part_3_Built_in_types", "Part_3_Built_in_types", "{01BC044E-8143-47D7-9B6E-26652F99B1F8}"
EndProject
Project("{FAE04EC0-301F-11D3-BF4B-00C04F79EFBC}") = "Part_3__Built_in_types_project", "Part_3_project\Part_3__Built_in_types_project.csproj", "{4E949C9A-2C0D-40B1-AE77-AE263958BC82}"
EndProject
Project("{2150E333-8FDC-42A3-9474-1A3956D46DE8}") = "Part_4_String_type", "Part_4_String_type", "{F8F25091-74D5-46D2-BDC7-AE6E618A18CC}"
EndProject
Project("{FAE04EC0-301F-11D3-BF4B-00C04F79EFBC}") = "Part_4_String_type_project", "Part_4_Project\Part_4_String_type_project.csproj", "{69F4583F-67A6-4D0D-A41A-DECD55AB7398}"
EndProject
Project("{2150E333-8FDC-42A3-9474-1A3956D46DE8}") = "Part_5_Common_operators", "Part_5_Common_operators", "{AFF41164-1FBD-4C54-AEB5-8FE75FDC4324}"
EndProject
Project("{FAE04EC0-301F-11D3-BF4B-00C04F79EFBC}") = "Part_5_Common_operators_project", "Part_5_Common_operators_project\Part_5_Common_operators_project.csproj", "{ECC7095C-33A4-43CE-B7D5-5AA3744F00B8}"
EndProject
Global
	GlobalSection(SolutionConfigurationPlatforms) = preSolution
		Debug|Any CPU = Debug|Any CPU
		Release|Any CPU = Release|Any CPU
	EndGlobalSection
	GlobalSection(ProjectConfigurationPlatforms) = postSolution
		{BACF37D4-70D5-4CD6-859B-4405C72DC57E}.Debug|Any CPU.ActiveCfg = Debug|Any CPU
		{BACF37D4-70D5-4CD6-859B-4405C72DC57E}.Debug|Any CPU.Build.0 = Debug|Any CPU
		{BACF37D4-70D5-4CD6-859B-4405C72DC57E}.Release|Any CPU.ActiveCfg = Release|Any CPU
		{BACF37D4-70D5-4CD6-859B-4405C72DC57E}.Release|Any CPU.Build.0 = Release|Any CPU
		{B7064189-8BF1-4CB7-855A-863A041D7651}.Debug|Any CPU.ActiveCfg = Debug|Any CPU
		{B7064189-8BF1-4CB7-855A-863A041D7651}.Debug|Any CPU.Build.0 = Debug|Any CPU
		{B7064189-8BF1-4CB7-855A-863A041D7651}.Release|Any CPU.ActiveCfg = Release|Any CPU
		{B7064189-8BF1-4CB7-855A-863A041D7651}.Release|Any CPU.Build.0 = Release|Any CPU
		{4E949C9A-2C0D-40B1-AE77-AE263958BC82}.Debug|Any CPU.ActiveCfg = Debug|Any CPU
		{4E949C9A-2C0D-40B1-AE77-AE263958BC82}.Debug|Any CPU.Build.0 = Debug|Any CPU
		{4E949C9A-2C0D-40B1-AE77-AE263958BC82}.Release|Any CPU.ActiveCfg = Release|Any CPU
		{4E949C9A-2C0D-40B1-AE77-AE263958BC82}.Release|Any CPU.Build.0 = Release|Any CPU
		{69F4583F-67A6-4D0D-A41A-DECD55AB7398}.Debug|Any CPU.ActiveCfg = Debug|Any CPU
		{69F4583F-67A6-4D0D-A41A-DECD55AB7398}.Debug|Any CPU.Build.0 = Debug|Any CPU
		{69F4583F-67A6-4D0D-A41A-DECD55AB7398}.Release|Any CPU.ActiveCfg = Release|Any CPU
		{69F4583F-67A6-4D0D-A41A-DECD55AB7398}.Release|Any CPU.Build.0 = Release|Any CPU
		{ECC7095C-33A4-43CE-B7D5-5AA3744F00B8}.Debug|Any CPU.ActiveCfg = Debug|Any CPU
		{ECC7095C-33A4-43CE-B7D5-5AA3744F00B8}.Debug|Any CPU.Build.0 = Debug|Any CPU
		{ECC7095C-33A4-43CE-B7D5-5AA3744F00B8}.Release|Any CPU.ActiveCfg = Release|Any CPU
		{ECC7095C-33A4-43CE-B7D5-5AA3744F00B8}.Release|Any CPU.Build.0 = Release|Any CPU
	EndGlobalSection
	GlobalSection(SolutionProperties) = preSolution
		HideSolutionNode = FALSE
	EndGlobalSection
	GlobalSection(NestedProjects) = preSolution
		{BACF37D4-70D5-4CD6-859B-4405C72DC57E} = {0A7C13FA-8FFA-4093-89F7-21759FECB074}
		{B7064189-8BF1-4CB7-855A-863A041D7651} = {770B7DDF-ED44-4841-8E80-EEEE63EF0C60}
		{4E949C9A-2C0D-40B1-AE77-AE263958BC82} = {01BC044E-8143-47D7-9B6E-26652F99B1F8}
		{69F4583F-67A6-4D0D-A41A-DECD55AB7398} = {F8F25091-74D5-46D2-BDC7-AE6E618A18CC}
		{ECC7095C-33A4-43CE-B7D5-5AA3744F00B8} = {AFF41164-1FBD-4C54-AEB5-8FE75FDC4324}
	EndGlobalSection
	GlobalSection(ExtensibilityGlobals) = postSolution
		SolutionGuid = {39D71AA3-C8F9-4233-B671-F8022288A10D}
	EndGlobalSection
EndGlobal
